
Microsoft Visual Studio Solution File, Format Version 12.00
# Visual Studio Version 17
VisualStudioVersion = 17.0.31903.59
MinimumVisualStudioVersion = 10.0.40219.1
Project("{FAE04EC0-301F-11D3-BF4B-00C04F79EFBC}") = "PetFamily.WebAPI", "src\PetFamily.WebAPI\PetFamily.WebAPI.csproj", "{CD668E23-5164-4DBB-81FE-342DD6F721DC}"
EndProject
Project("{2150E333-8FDC-42A3-9474-1A3956D46DE8}") = "Solution Items", "Solution Items", "{6F21223A-E817-4384-A402-4315E6AB283B}"
	ProjectSection(SolutionItems) = preProject
		docker-compose.yml = docker-compose.yml
	EndProjectSection
EndProject
Project("{2150E333-8FDC-42A3-9474-1A3956D46DE8}") = "src", "src", "{44F4FB71-0505-48FD-BB83-8BC68AAD25DD}"
EndProject
Project("{2150E333-8FDC-42A3-9474-1A3956D46DE8}") = "tests", "tests", "{F63ACA6A-15F1-47A4-A5C1-8813BF3A050D}"
EndProject
Project("{2150E333-8FDC-42A3-9474-1A3956D46DE8}") = "BreedsManagement", "BreedsManagement", "{15060E70-F895-4A44-94D4-DE29BC36FF8E}"
EndProject
Project("{FAE04EC0-301F-11D3-BF4B-00C04F79EFBC}") = "PetFamily.BreedsManagement.Domain", "src\BreedsManagement\PetFamily.BreedsManagement.Domain\PetFamily.BreedsManagement.Domain.csproj", "{4AA524BC-2776-407B-8332-98B147FEA572}"
EndProject
Project("{FAE04EC0-301F-11D3-BF4B-00C04F79EFBC}") = "PetFamily.BreedsManagement.Infrastructure", "src\BreedsManagement\PetFamily.BreedsManagement.Infrastructure\PetFamily.BreedsManagement.Infrastructure.csproj", "{768A2708-EDFA-41A4-83CC-E14043404514}"
EndProject
Project("{FAE04EC0-301F-11D3-BF4B-00C04F79EFBC}") = "PetFamily.BreedsManagement.Presentation", "src\BreedsManagement\PetFamily.BreedsManagement.Presentation\PetFamily.BreedsManagement.Presentation.csproj", "{CEC145D4-A458-485E-BA7C-44F53378E227}"
EndProject
Project("{FAE04EC0-301F-11D3-BF4B-00C04F79EFBC}") = "PetFamily.BreedsManagement.Contracts", "src\BreedsManagement\PetFamily.BreedsManagement.Contracts\PetFamily.BreedsManagement.Contracts.csproj", "{382A363A-AD3F-404D-89B4-400A206C7878}"
EndProject
Project("{FAE04EC0-301F-11D3-BF4B-00C04F79EFBC}") = "PetFamily.BreedsManagement.Application", "src\BreedsManagement\PetFamily.BreedsManagement.Application\PetFamily.BreedsManagement.Application.csproj", "{7B1741ED-0127-4827-8EE9-BCA73C5C9611}"
EndProject
Project("{2150E333-8FDC-42A3-9474-1A3956D46DE8}") = "Shared", "Shared", "{0B6EA425-8131-4903-A151-AACC4F8D4467}"
EndProject
Project("{FAE04EC0-301F-11D3-BF4B-00C04F79EFBC}") = "PetFamily.Shared.Core", "src\Shared\PetFamily.Shared.Core\PetFamily.Shared.Core.csproj", "{07C16081-6B6D-43C0-AF47-07EDE5F2ACB1}"
EndProject
Project("{FAE04EC0-301F-11D3-BF4B-00C04F79EFBC}") = "PetFamily.Shared.Framework", "src\Shared\PetFamily.Shared.Framework\PetFamily.Shared.Framework.csproj", "{501CC4A0-B241-4D77-BC77-B337B2512EC1}"
EndProject
Project("{FAE04EC0-301F-11D3-BF4B-00C04F79EFBC}") = "PetFamily.Shared.SharedKernel", "src\Shared\PetFamily.Shared.SharedKernel\PetFamily.Shared.SharedKernel.csproj", "{AEAD5869-58C5-41BC-B1B2-EA5EF8A25199}"
EndProject
Project("{2150E333-8FDC-42A3-9474-1A3956D46DE8}") = "VolunteersManagement", "VolunteersManagement", "{7A6A736E-87D7-4A13-B7DD-CC3C1B5E26A4}"
EndProject
Project("{FAE04EC0-301F-11D3-BF4B-00C04F79EFBC}") = "PetFamily.VolunteersManagement.Domain", "src\VolunteersManagement\PetFamily.VolunteersManagement.Domain\PetFamily.VolunteersManagement.Domain.csproj", "{D7D9F4D0-0B34-4307-9ACD-9106E02644D0}"
EndProject
Project("{FAE04EC0-301F-11D3-BF4B-00C04F79EFBC}") = "PetFamily.VolunteersManagement.Application", "src\VolunteersManagement\PetFamily.VolunteersManagement.Application\PetFamily.VolunteersManagement.Application.csproj", "{F9346F84-2290-4186-9DBD-E61836A1D5C9}"
EndProject
Project("{FAE04EC0-301F-11D3-BF4B-00C04F79EFBC}") = "PetFamily.VolunteersManagement.Contracts", "src\VolunteersManagement\PetFamily.VolunteersManagement.Contracts\PetFamily.VolunteersManagement.Contracts.csproj", "{15FBA59D-9414-44F2-A8C5-4A9B88EC54CD}"
EndProject
Project("{FAE04EC0-301F-11D3-BF4B-00C04F79EFBC}") = "PetFamily.VolunteersManagement.Presentation", "src\VolunteersManagement\PetFamily.VolunteersManagement.Presentation\PetFamily.VolunteersManagement.Presentation.csproj", "{F3E4ED46-B359-468E-8DA8-1712449D7EDA}"
EndProject
Project("{FAE04EC0-301F-11D3-BF4B-00C04F79EFBC}") = "PetFamily.VolunteersManagement.Infrastructure", "src\VolunteersManagement\PetFamily.VolunteersManagement.Infrastructure\PetFamily.VolunteersManagement.Infrastructure.csproj", "{681DF2C6-11DA-4D7E-9AD0-F82363A7DF02}"
EndProject
Project("{2150E333-8FDC-42A3-9474-1A3956D46DE8}") = "Modules", "Modules", "{06825F8D-B12E-470D-9558-B849C26342AE}"
EndProject
Project("{2150E333-8FDC-42A3-9474-1A3956D46DE8}") = "Accounts", "Accounts", "{FE7A0150-4AED-49A1-B05E-A3B5A1314C89}"
EndProject
Project("{FAE04EC0-301F-11D3-BF4B-00C04F79EFBC}") = "PetFamily.AccountsManagement.Domain", "src\Accounts\PetFamily.AccountsManagement.Domain\PetFamily.AccountsManagement.Domain.csproj", "{EAE97346-59F6-45EC-9783-776EE6B32B75}"
EndProject
Project("{FAE04EC0-301F-11D3-BF4B-00C04F79EFBC}") = "PetFamily.AccountsManagement.Infrastructure", "src\Accounts\PetFamily.AccountsManagement.Infrastructure\PetFamily.AccountsManagement.Infrastructure.csproj", "{674CEB8D-9C12-4975-9C81-68DF405536ED}"
EndProject
Project("{FAE04EC0-301F-11D3-BF4B-00C04F79EFBC}") = "PetFamily.AccountsManagement.Application", "src\Accounts\PetFamily.AccountsManagement.Application\PetFamily.AccountsManagement.Application.csproj", "{BE33AEBF-C458-4A88-A87B-DA5415C4F679}"
EndProject
Project("{FAE04EC0-301F-11D3-BF4B-00C04F79EFBC}") = "PetFamily.AccountsManagement.Presentation", "src\Accounts\PetFamily.AccountsManagement.Presentation\PetFamily.AccountsManagement.Presentation.csproj", "{CD2B11CE-8A52-4053-8CFC-11C5773ABECE}"
EndProject
Project("{FAE04EC0-301F-11D3-BF4B-00C04F79EFBC}") = "PetFamily.AccountsManagement.Contracts", "src\Accounts\PetFamily.AccountsManagement.Contracts\PetFamily.AccountsManagement.Contracts.csproj", "{AA6D5E0E-553B-4EFD-9DEC-14829E09A9DD}"
EndProject
Project("{2150E333-8FDC-42A3-9474-1A3956D46DE8}") = "VolunteerRequestsManagement", "VolunteerRequestsManagement", "{A22286C0-43F4-424B-B9B3-6AC76C14E431}"
EndProject
Project("{FAE04EC0-301F-11D3-BF4B-00C04F79EFBC}") = "PetFamily.VolunteerRequestManagement.Infrastructure", "src\VolunteerRequestManagement\PetFamily.VolunteerRequestManagement.Infrastructure\PetFamily.VolunteerRequestManagement.Infrastructure.csproj", "{CA53A6FA-0796-43FF-BB85-33901A8702D8}"
EndProject
Project("{FAE04EC0-301F-11D3-BF4B-00C04F79EFBC}") = "PetFamily.VolunteerRequestManagement.Domain", "src\VolunteerRequestManagement\PetFamily.VolunteerRequestManagement.Domain\PetFamily.VolunteerRequestManagement.Domain.csproj", "{744D65F1-CAED-44E0-B920-288FB108B5AF}"
EndProject
Project("{FAE04EC0-301F-11D3-BF4B-00C04F79EFBC}") = "PetFamily.VolunteerRequestManagement.Application", "src\VolunteerRequestManagement\PetFamily.VolunteerRequestManagement.Application\PetFamily.VolunteerRequestManagement.Application.csproj", "{4FFCCDF3-EA85-4CB9-A3A4-FB467ACFEA57}"
EndProject
Project("{FAE04EC0-301F-11D3-BF4B-00C04F79EFBC}") = "PetFamily.VolunteerRequestManagement.Contracts", "src\VolunteerRequestManagement\PetFamily.VolunteerRequestManagement.Contracts\PetFamily.VolunteerRequestManagement.Contracts.csproj", "{E3FE7638-F41F-414E-8C4C-30314BA59AB2}"
EndProject
Project("{FAE04EC0-301F-11D3-BF4B-00C04F79EFBC}") = "PetFamily.VolunteerRequestManagement.Presentation", "src\VolunteerRequestManagement\PetFamily.VolunteerRequestManagement.Presentation\PetFamily.VolunteerRequestManagement.Presentation.csproj", "{5F58AC99-7BC6-45C9-8AA1-DBE9F36BB30F}"
EndProject
Project("{2150E333-8FDC-42A3-9474-1A3956D46DE8}") = "VolunteersManagement", "VolunteersManagement", "{F62E865D-6833-4F3E-A3AB-0FCA2DAC334D}"
EndProject
Project("{FAE04EC0-301F-11D3-BF4B-00C04F79EFBC}") = "PetFamily.VolunteersManagement.Application.UnitTests", "tests\VolunteersManagement\PetFamily.VolunteersManagement.Application.UnitTests\PetFamily.VolunteersManagement.Application.UnitTests.csproj", "{AD980B43-DBD5-40CC-A5CC-B8DBB201D560}"
EndProject
Project("{FAE04EC0-301F-11D3-BF4B-00C04F79EFBC}") = "PetFamily.VolunteersManagement.Domain.UnitTests", "tests\VolunteersManagement\PetFamily.VolunteersManagement.Domain.UnitTests\PetFamily.VolunteersManagement.Domain.UnitTests.csproj", "{C6672429-FE96-4605-95AA-C1E59A47CA15}"
EndProject
Project("{2150E333-8FDC-42A3-9474-1A3956D46DE8}") = "VolunteerRequestsManagement", "VolunteerRequestsManagement", "{2906270F-C1C3-444C-AF49-0421CF8E3641}"
EndProject
Project("{FAE04EC0-301F-11D3-BF4B-00C04F79EFBC}") = "PetFamily.VolunteerRequestsManagement.Domain.UnitTests", "tests\VolunteerRequests\PetFamily.VolunteerRequestsManagement.Domain.UnitTests\PetFamily.VolunteerRequestsManagement.Domain.UnitTests.csproj", "{5713B01B-902D-4D40-AB10-81A5D5F5FA7D}"
EndProject
Project("{2150E333-8FDC-42A3-9474-1A3956D46DE8}") = "DiscussionsManagement", "DiscussionsManagement", "{6649F7F5-AAC5-4283-BF38-FFC2CF71975B}"
EndProject
Project("{FAE04EC0-301F-11D3-BF4B-00C04F79EFBC}") = "PetFamily.DiscussionsManagement.Domain", "src\DiscussionsManagement\PetFamily.DiscussionsManagement.Domain\PetFamily.DiscussionsManagement.Domain.csproj", "{9A5D75F2-6575-4831-81AA-30C62714F7A1}"
EndProject
Project("{FAE04EC0-301F-11D3-BF4B-00C04F79EFBC}") = "PetFamily.DiscussionsManagement.Application", "src\DiscussionsManagement\PetFamily.DiscussionsManagement.Application\PetFamily.DiscussionsManagement.Application.csproj", "{D708F32A-F14F-434E-A34A-BDD72A711EF5}"
EndProject
Project("{FAE04EC0-301F-11D3-BF4B-00C04F79EFBC}") = "PetFamily.DiscussionsManagement.Infrastructure", "src\DiscussionsManagement\PetFamily.DiscussionsManagement.Infrastructure\PetFamily.DiscussionsManagement.Infrastructure.csproj", "{44D136EC-F292-4435-93CF-2DB70409704F}"
EndProject
Project("{FAE04EC0-301F-11D3-BF4B-00C04F79EFBC}") = "PetFamily.DiscussionsManagement.Presentation", "src\DiscussionsManagement\PetFamily.DiscussionsManagement.Presentation\PetFamily.DiscussionsManagement.Presentation.csproj", "{50421DB1-23C1-4BE2-8A2A-700AF18A3053}"
EndProject
Project("{FAE04EC0-301F-11D3-BF4B-00C04F79EFBC}") = "PetFamily.DiscussionsManagement.Contracts", "src\DiscussionsManagement\PetFamily.DiscussionsManagement.Contracts\PetFamily.DiscussionsManagement.Contracts.csproj", "{485389A8-CC4B-4A08-AB56-C3B2EE0D242B}"
EndProject
Project("{2150E333-8FDC-42A3-9474-1A3956D46DE8}") = "DiscussionsManagement", "DiscussionsManagement", "{A546B9D5-A4EB-4D36-9044-047DD6482687}"
EndProject
Project("{FAE04EC0-301F-11D3-BF4B-00C04F79EFBC}") = "PetFamily.DiscussionsManagement.Domain.Tests", "tests\DiscussionsManagement\PetFamily.DiscussionsManagement.Domain.Tests\PetFamily.DiscussionsManagement.Domain.Tests.csproj", "{2D63806D-30A3-4540-8411-72A49BC1FCF7}"
EndProject
Global
	GlobalSection(SolutionConfigurationPlatforms) = preSolution
		Debug|Any CPU = Debug|Any CPU
		Release|Any CPU = Release|Any CPU
	EndGlobalSection
	GlobalSection(ProjectConfigurationPlatforms) = postSolution
		{CD668E23-5164-4DBB-81FE-342DD6F721DC}.Debug|Any CPU.ActiveCfg = Debug|Any CPU
		{CD668E23-5164-4DBB-81FE-342DD6F721DC}.Debug|Any CPU.Build.0 = Debug|Any CPU
		{CD668E23-5164-4DBB-81FE-342DD6F721DC}.Release|Any CPU.ActiveCfg = Release|Any CPU
		{CD668E23-5164-4DBB-81FE-342DD6F721DC}.Release|Any CPU.Build.0 = Release|Any CPU
		{4AA524BC-2776-407B-8332-98B147FEA572}.Debug|Any CPU.ActiveCfg = Debug|Any CPU
		{4AA524BC-2776-407B-8332-98B147FEA572}.Debug|Any CPU.Build.0 = Debug|Any CPU
		{4AA524BC-2776-407B-8332-98B147FEA572}.Release|Any CPU.ActiveCfg = Release|Any CPU
		{4AA524BC-2776-407B-8332-98B147FEA572}.Release|Any CPU.Build.0 = Release|Any CPU
		{768A2708-EDFA-41A4-83CC-E14043404514}.Debug|Any CPU.ActiveCfg = Debug|Any CPU
		{768A2708-EDFA-41A4-83CC-E14043404514}.Debug|Any CPU.Build.0 = Debug|Any CPU
		{768A2708-EDFA-41A4-83CC-E14043404514}.Release|Any CPU.ActiveCfg = Release|Any CPU
		{768A2708-EDFA-41A4-83CC-E14043404514}.Release|Any CPU.Build.0 = Release|Any CPU
		{CEC145D4-A458-485E-BA7C-44F53378E227}.Debug|Any CPU.ActiveCfg = Debug|Any CPU
		{CEC145D4-A458-485E-BA7C-44F53378E227}.Debug|Any CPU.Build.0 = Debug|Any CPU
		{CEC145D4-A458-485E-BA7C-44F53378E227}.Release|Any CPU.ActiveCfg = Release|Any CPU
		{CEC145D4-A458-485E-BA7C-44F53378E227}.Release|Any CPU.Build.0 = Release|Any CPU
		{382A363A-AD3F-404D-89B4-400A206C7878}.Debug|Any CPU.ActiveCfg = Debug|Any CPU
		{382A363A-AD3F-404D-89B4-400A206C7878}.Debug|Any CPU.Build.0 = Debug|Any CPU
		{382A363A-AD3F-404D-89B4-400A206C7878}.Release|Any CPU.ActiveCfg = Release|Any CPU
		{382A363A-AD3F-404D-89B4-400A206C7878}.Release|Any CPU.Build.0 = Release|Any CPU
		{7B1741ED-0127-4827-8EE9-BCA73C5C9611}.Debug|Any CPU.ActiveCfg = Debug|Any CPU
		{7B1741ED-0127-4827-8EE9-BCA73C5C9611}.Debug|Any CPU.Build.0 = Debug|Any CPU
		{7B1741ED-0127-4827-8EE9-BCA73C5C9611}.Release|Any CPU.ActiveCfg = Release|Any CPU
		{7B1741ED-0127-4827-8EE9-BCA73C5C9611}.Release|Any CPU.Build.0 = Release|Any CPU
		{07C16081-6B6D-43C0-AF47-07EDE5F2ACB1}.Debug|Any CPU.ActiveCfg = Debug|Any CPU
		{07C16081-6B6D-43C0-AF47-07EDE5F2ACB1}.Debug|Any CPU.Build.0 = Debug|Any CPU
		{07C16081-6B6D-43C0-AF47-07EDE5F2ACB1}.Release|Any CPU.ActiveCfg = Release|Any CPU
		{07C16081-6B6D-43C0-AF47-07EDE5F2ACB1}.Release|Any CPU.Build.0 = Release|Any CPU
		{501CC4A0-B241-4D77-BC77-B337B2512EC1}.Debug|Any CPU.ActiveCfg = Debug|Any CPU
		{501CC4A0-B241-4D77-BC77-B337B2512EC1}.Debug|Any CPU.Build.0 = Debug|Any CPU
		{501CC4A0-B241-4D77-BC77-B337B2512EC1}.Release|Any CPU.ActiveCfg = Release|Any CPU
		{501CC4A0-B241-4D77-BC77-B337B2512EC1}.Release|Any CPU.Build.0 = Release|Any CPU
		{AEAD5869-58C5-41BC-B1B2-EA5EF8A25199}.Debug|Any CPU.ActiveCfg = Debug|Any CPU
		{AEAD5869-58C5-41BC-B1B2-EA5EF8A25199}.Debug|Any CPU.Build.0 = Debug|Any CPU
		{AEAD5869-58C5-41BC-B1B2-EA5EF8A25199}.Release|Any CPU.ActiveCfg = Release|Any CPU
		{AEAD5869-58C5-41BC-B1B2-EA5EF8A25199}.Release|Any CPU.Build.0 = Release|Any CPU
		{D7D9F4D0-0B34-4307-9ACD-9106E02644D0}.Debug|Any CPU.ActiveCfg = Debug|Any CPU
		{D7D9F4D0-0B34-4307-9ACD-9106E02644D0}.Debug|Any CPU.Build.0 = Debug|Any CPU
		{D7D9F4D0-0B34-4307-9ACD-9106E02644D0}.Release|Any CPU.ActiveCfg = Release|Any CPU
		{D7D9F4D0-0B34-4307-9ACD-9106E02644D0}.Release|Any CPU.Build.0 = Release|Any CPU
		{F9346F84-2290-4186-9DBD-E61836A1D5C9}.Debug|Any CPU.ActiveCfg = Debug|Any CPU
		{F9346F84-2290-4186-9DBD-E61836A1D5C9}.Debug|Any CPU.Build.0 = Debug|Any CPU
		{F9346F84-2290-4186-9DBD-E61836A1D5C9}.Release|Any CPU.ActiveCfg = Release|Any CPU
		{F9346F84-2290-4186-9DBD-E61836A1D5C9}.Release|Any CPU.Build.0 = Release|Any CPU
		{15FBA59D-9414-44F2-A8C5-4A9B88EC54CD}.Debug|Any CPU.ActiveCfg = Debug|Any CPU
		{15FBA59D-9414-44F2-A8C5-4A9B88EC54CD}.Debug|Any CPU.Build.0 = Debug|Any CPU
		{15FBA59D-9414-44F2-A8C5-4A9B88EC54CD}.Release|Any CPU.ActiveCfg = Release|Any CPU
		{15FBA59D-9414-44F2-A8C5-4A9B88EC54CD}.Release|Any CPU.Build.0 = Release|Any CPU
		{F3E4ED46-B359-468E-8DA8-1712449D7EDA}.Debug|Any CPU.ActiveCfg = Debug|Any CPU
		{F3E4ED46-B359-468E-8DA8-1712449D7EDA}.Debug|Any CPU.Build.0 = Debug|Any CPU
		{F3E4ED46-B359-468E-8DA8-1712449D7EDA}.Release|Any CPU.ActiveCfg = Release|Any CPU
		{F3E4ED46-B359-468E-8DA8-1712449D7EDA}.Release|Any CPU.Build.0 = Release|Any CPU
		{681DF2C6-11DA-4D7E-9AD0-F82363A7DF02}.Debug|Any CPU.ActiveCfg = Debug|Any CPU
		{681DF2C6-11DA-4D7E-9AD0-F82363A7DF02}.Debug|Any CPU.Build.0 = Debug|Any CPU
		{681DF2C6-11DA-4D7E-9AD0-F82363A7DF02}.Release|Any CPU.ActiveCfg = Release|Any CPU
		{681DF2C6-11DA-4D7E-9AD0-F82363A7DF02}.Release|Any CPU.Build.0 = Release|Any CPU
		{EAE97346-59F6-45EC-9783-776EE6B32B75}.Debug|Any CPU.ActiveCfg = Debug|Any CPU
		{EAE97346-59F6-45EC-9783-776EE6B32B75}.Debug|Any CPU.Build.0 = Debug|Any CPU
		{EAE97346-59F6-45EC-9783-776EE6B32B75}.Release|Any CPU.ActiveCfg = Release|Any CPU
		{EAE97346-59F6-45EC-9783-776EE6B32B75}.Release|Any CPU.Build.0 = Release|Any CPU
		{674CEB8D-9C12-4975-9C81-68DF405536ED}.Debug|Any CPU.ActiveCfg = Debug|Any CPU
		{674CEB8D-9C12-4975-9C81-68DF405536ED}.Debug|Any CPU.Build.0 = Debug|Any CPU
		{674CEB8D-9C12-4975-9C81-68DF405536ED}.Release|Any CPU.ActiveCfg = Release|Any CPU
		{674CEB8D-9C12-4975-9C81-68DF405536ED}.Release|Any CPU.Build.0 = Release|Any CPU
		{BE33AEBF-C458-4A88-A87B-DA5415C4F679}.Debug|Any CPU.ActiveCfg = Debug|Any CPU
		{BE33AEBF-C458-4A88-A87B-DA5415C4F679}.Debug|Any CPU.Build.0 = Debug|Any CPU
		{BE33AEBF-C458-4A88-A87B-DA5415C4F679}.Release|Any CPU.ActiveCfg = Release|Any CPU
		{BE33AEBF-C458-4A88-A87B-DA5415C4F679}.Release|Any CPU.Build.0 = Release|Any CPU
		{CD2B11CE-8A52-4053-8CFC-11C5773ABECE}.Debug|Any CPU.ActiveCfg = Debug|Any CPU
		{CD2B11CE-8A52-4053-8CFC-11C5773ABECE}.Debug|Any CPU.Build.0 = Debug|Any CPU
		{CD2B11CE-8A52-4053-8CFC-11C5773ABECE}.Release|Any CPU.ActiveCfg = Release|Any CPU
		{CD2B11CE-8A52-4053-8CFC-11C5773ABECE}.Release|Any CPU.Build.0 = Release|Any CPU
		{AA6D5E0E-553B-4EFD-9DEC-14829E09A9DD}.Debug|Any CPU.ActiveCfg = Debug|Any CPU
		{AA6D5E0E-553B-4EFD-9DEC-14829E09A9DD}.Debug|Any CPU.Build.0 = Debug|Any CPU
		{AA6D5E0E-553B-4EFD-9DEC-14829E09A9DD}.Release|Any CPU.ActiveCfg = Release|Any CPU
		{AA6D5E0E-553B-4EFD-9DEC-14829E09A9DD}.Release|Any CPU.Build.0 = Release|Any CPU
		{CA53A6FA-0796-43FF-BB85-33901A8702D8}.Debug|Any CPU.ActiveCfg = Debug|Any CPU
		{CA53A6FA-0796-43FF-BB85-33901A8702D8}.Debug|Any CPU.Build.0 = Debug|Any CPU
		{CA53A6FA-0796-43FF-BB85-33901A8702D8}.Release|Any CPU.ActiveCfg = Release|Any CPU
		{CA53A6FA-0796-43FF-BB85-33901A8702D8}.Release|Any CPU.Build.0 = Release|Any CPU
		{744D65F1-CAED-44E0-B920-288FB108B5AF}.Debug|Any CPU.ActiveCfg = Debug|Any CPU
		{744D65F1-CAED-44E0-B920-288FB108B5AF}.Debug|Any CPU.Build.0 = Debug|Any CPU
		{744D65F1-CAED-44E0-B920-288FB108B5AF}.Release|Any CPU.ActiveCfg = Release|Any CPU
		{744D65F1-CAED-44E0-B920-288FB108B5AF}.Release|Any CPU.Build.0 = Release|Any CPU
		{4FFCCDF3-EA85-4CB9-A3A4-FB467ACFEA57}.Debug|Any CPU.ActiveCfg = Debug|Any CPU
		{4FFCCDF3-EA85-4CB9-A3A4-FB467ACFEA57}.Debug|Any CPU.Build.0 = Debug|Any CPU
		{4FFCCDF3-EA85-4CB9-A3A4-FB467ACFEA57}.Release|Any CPU.ActiveCfg = Release|Any CPU
		{4FFCCDF3-EA85-4CB9-A3A4-FB467ACFEA57}.Release|Any CPU.Build.0 = Release|Any CPU
		{E3FE7638-F41F-414E-8C4C-30314BA59AB2}.Debug|Any CPU.ActiveCfg = Debug|Any CPU
		{E3FE7638-F41F-414E-8C4C-30314BA59AB2}.Debug|Any CPU.Build.0 = Debug|Any CPU
		{E3FE7638-F41F-414E-8C4C-30314BA59AB2}.Release|Any CPU.ActiveCfg = Release|Any CPU
		{E3FE7638-F41F-414E-8C4C-30314BA59AB2}.Release|Any CPU.Build.0 = Release|Any CPU
		{5F58AC99-7BC6-45C9-8AA1-DBE9F36BB30F}.Debug|Any CPU.ActiveCfg = Debug|Any CPU
		{5F58AC99-7BC6-45C9-8AA1-DBE9F36BB30F}.Debug|Any CPU.Build.0 = Debug|Any CPU
		{5F58AC99-7BC6-45C9-8AA1-DBE9F36BB30F}.Release|Any CPU.ActiveCfg = Release|Any CPU
		{5F58AC99-7BC6-45C9-8AA1-DBE9F36BB30F}.Release|Any CPU.Build.0 = Release|Any CPU
		{AD980B43-DBD5-40CC-A5CC-B8DBB201D560}.Debug|Any CPU.ActiveCfg = Debug|Any CPU
		{AD980B43-DBD5-40CC-A5CC-B8DBB201D560}.Debug|Any CPU.Build.0 = Debug|Any CPU
		{AD980B43-DBD5-40CC-A5CC-B8DBB201D560}.Release|Any CPU.ActiveCfg = Release|Any CPU
		{AD980B43-DBD5-40CC-A5CC-B8DBB201D560}.Release|Any CPU.Build.0 = Release|Any CPU
		{C6672429-FE96-4605-95AA-C1E59A47CA15}.Debug|Any CPU.ActiveCfg = Debug|Any CPU
		{C6672429-FE96-4605-95AA-C1E59A47CA15}.Debug|Any CPU.Build.0 = Debug|Any CPU
		{C6672429-FE96-4605-95AA-C1E59A47CA15}.Release|Any CPU.ActiveCfg = Release|Any CPU
		{C6672429-FE96-4605-95AA-C1E59A47CA15}.Release|Any CPU.Build.0 = Release|Any CPU
		{5713B01B-902D-4D40-AB10-81A5D5F5FA7D}.Debug|Any CPU.ActiveCfg = Debug|Any CPU
		{5713B01B-902D-4D40-AB10-81A5D5F5FA7D}.Debug|Any CPU.Build.0 = Debug|Any CPU
		{5713B01B-902D-4D40-AB10-81A5D5F5FA7D}.Release|Any CPU.ActiveCfg = Release|Any CPU
		{5713B01B-902D-4D40-AB10-81A5D5F5FA7D}.Release|Any CPU.Build.0 = Release|Any CPU
		{9A5D75F2-6575-4831-81AA-30C62714F7A1}.Debug|Any CPU.ActiveCfg = Debug|Any CPU
		{9A5D75F2-6575-4831-81AA-30C62714F7A1}.Debug|Any CPU.Build.0 = Debug|Any CPU
		{9A5D75F2-6575-4831-81AA-30C62714F7A1}.Release|Any CPU.ActiveCfg = Release|Any CPU
		{9A5D75F2-6575-4831-81AA-30C62714F7A1}.Release|Any CPU.Build.0 = Release|Any CPU
		{D708F32A-F14F-434E-A34A-BDD72A711EF5}.Debug|Any CPU.ActiveCfg = Debug|Any CPU
		{D708F32A-F14F-434E-A34A-BDD72A711EF5}.Debug|Any CPU.Build.0 = Debug|Any CPU
		{D708F32A-F14F-434E-A34A-BDD72A711EF5}.Release|Any CPU.ActiveCfg = Release|Any CPU
		{D708F32A-F14F-434E-A34A-BDD72A711EF5}.Release|Any CPU.Build.0 = Release|Any CPU
		{44D136EC-F292-4435-93CF-2DB70409704F}.Debug|Any CPU.ActiveCfg = Debug|Any CPU
		{44D136EC-F292-4435-93CF-2DB70409704F}.Debug|Any CPU.Build.0 = Debug|Any CPU
		{44D136EC-F292-4435-93CF-2DB70409704F}.Release|Any CPU.ActiveCfg = Release|Any CPU
		{44D136EC-F292-4435-93CF-2DB70409704F}.Release|Any CPU.Build.0 = Release|Any CPU
		{50421DB1-23C1-4BE2-8A2A-700AF18A3053}.Debug|Any CPU.ActiveCfg = Debug|Any CPU
		{50421DB1-23C1-4BE2-8A2A-700AF18A3053}.Debug|Any CPU.Build.0 = Debug|Any CPU
		{50421DB1-23C1-4BE2-8A2A-700AF18A3053}.Release|Any CPU.ActiveCfg = Release|Any CPU
		{50421DB1-23C1-4BE2-8A2A-700AF18A3053}.Release|Any CPU.Build.0 = Release|Any CPU
		{485389A8-CC4B-4A08-AB56-C3B2EE0D242B}.Debug|Any CPU.ActiveCfg = Debug|Any CPU
		{485389A8-CC4B-4A08-AB56-C3B2EE0D242B}.Debug|Any CPU.Build.0 = Debug|Any CPU
		{485389A8-CC4B-4A08-AB56-C3B2EE0D242B}.Release|Any CPU.ActiveCfg = Release|Any CPU
		{485389A8-CC4B-4A08-AB56-C3B2EE0D242B}.Release|Any CPU.Build.0 = Release|Any CPU
		{2D63806D-30A3-4540-8411-72A49BC1FCF7}.Debug|Any CPU.ActiveCfg = Debug|Any CPU
		{2D63806D-30A3-4540-8411-72A49BC1FCF7}.Debug|Any CPU.Build.0 = Debug|Any CPU
		{2D63806D-30A3-4540-8411-72A49BC1FCF7}.Release|Any CPU.ActiveCfg = Release|Any CPU
		{2D63806D-30A3-4540-8411-72A49BC1FCF7}.Release|Any CPU.Build.0 = Release|Any CPU
	EndGlobalSection
	GlobalSection(SolutionProperties) = preSolution
		HideSolutionNode = FALSE
	EndGlobalSection
	GlobalSection(ExtensibilityGlobals) = postSolution
		SolutionGuid = {EE768E8A-937C-46F5-B455-94F0E27DA8EF}
	EndGlobalSection
	GlobalSection(NestedProjects) = preSolution
		{CD668E23-5164-4DBB-81FE-342DD6F721DC} = {44F4FB71-0505-48FD-BB83-8BC68AAD25DD}
		{4AA524BC-2776-407B-8332-98B147FEA572} = {15060E70-F895-4A44-94D4-DE29BC36FF8E}
		{768A2708-EDFA-41A4-83CC-E14043404514} = {15060E70-F895-4A44-94D4-DE29BC36FF8E}
		{CEC145D4-A458-485E-BA7C-44F53378E227} = {15060E70-F895-4A44-94D4-DE29BC36FF8E}
		{382A363A-AD3F-404D-89B4-400A206C7878} = {15060E70-F895-4A44-94D4-DE29BC36FF8E}
		{7B1741ED-0127-4827-8EE9-BCA73C5C9611} = {15060E70-F895-4A44-94D4-DE29BC36FF8E}
		{0B6EA425-8131-4903-A151-AACC4F8D4467} = {44F4FB71-0505-48FD-BB83-8BC68AAD25DD}
		{07C16081-6B6D-43C0-AF47-07EDE5F2ACB1} = {0B6EA425-8131-4903-A151-AACC4F8D4467}
		{501CC4A0-B241-4D77-BC77-B337B2512EC1} = {0B6EA425-8131-4903-A151-AACC4F8D4467}
		{AEAD5869-58C5-41BC-B1B2-EA5EF8A25199} = {0B6EA425-8131-4903-A151-AACC4F8D4467}
		{D7D9F4D0-0B34-4307-9ACD-9106E02644D0} = {7A6A736E-87D7-4A13-B7DD-CC3C1B5E26A4}
		{F9346F84-2290-4186-9DBD-E61836A1D5C9} = {7A6A736E-87D7-4A13-B7DD-CC3C1B5E26A4}
		{15FBA59D-9414-44F2-A8C5-4A9B88EC54CD} = {7A6A736E-87D7-4A13-B7DD-CC3C1B5E26A4}
		{F3E4ED46-B359-468E-8DA8-1712449D7EDA} = {7A6A736E-87D7-4A13-B7DD-CC3C1B5E26A4}
		{681DF2C6-11DA-4D7E-9AD0-F82363A7DF02} = {7A6A736E-87D7-4A13-B7DD-CC3C1B5E26A4}
		{06825F8D-B12E-470D-9558-B849C26342AE} = {44F4FB71-0505-48FD-BB83-8BC68AAD25DD}
		{15060E70-F895-4A44-94D4-DE29BC36FF8E} = {06825F8D-B12E-470D-9558-B849C26342AE}
		{7A6A736E-87D7-4A13-B7DD-CC3C1B5E26A4} = {06825F8D-B12E-470D-9558-B849C26342AE}
		{FE7A0150-4AED-49A1-B05E-A3B5A1314C89} = {06825F8D-B12E-470D-9558-B849C26342AE}
		{EAE97346-59F6-45EC-9783-776EE6B32B75} = {FE7A0150-4AED-49A1-B05E-A3B5A1314C89}
		{674CEB8D-9C12-4975-9C81-68DF405536ED} = {FE7A0150-4AED-49A1-B05E-A3B5A1314C89}
		{BE33AEBF-C458-4A88-A87B-DA5415C4F679} = {FE7A0150-4AED-49A1-B05E-A3B5A1314C89}
		{CD2B11CE-8A52-4053-8CFC-11C5773ABECE} = {FE7A0150-4AED-49A1-B05E-A3B5A1314C89}
		{AA6D5E0E-553B-4EFD-9DEC-14829E09A9DD} = {FE7A0150-4AED-49A1-B05E-A3B5A1314C89}
		{A22286C0-43F4-424B-B9B3-6AC76C14E431} = {06825F8D-B12E-470D-9558-B849C26342AE}
		{CA53A6FA-0796-43FF-BB85-33901A8702D8} = {A22286C0-43F4-424B-B9B3-6AC76C14E431}
		{744D65F1-CAED-44E0-B920-288FB108B5AF} = {A22286C0-43F4-424B-B9B3-6AC76C14E431}
		{4FFCCDF3-EA85-4CB9-A3A4-FB467ACFEA57} = {A22286C0-43F4-424B-B9B3-6AC76C14E431}
		{E3FE7638-F41F-414E-8C4C-30314BA59AB2} = {A22286C0-43F4-424B-B9B3-6AC76C14E431}
		{5F58AC99-7BC6-45C9-8AA1-DBE9F36BB30F} = {A22286C0-43F4-424B-B9B3-6AC76C14E431}
		{F62E865D-6833-4F3E-A3AB-0FCA2DAC334D} = {F63ACA6A-15F1-47A4-A5C1-8813BF3A050D}
		{AD980B43-DBD5-40CC-A5CC-B8DBB201D560} = {F62E865D-6833-4F3E-A3AB-0FCA2DAC334D}
		{C6672429-FE96-4605-95AA-C1E59A47CA15} = {F62E865D-6833-4F3E-A3AB-0FCA2DAC334D}
		{2906270F-C1C3-444C-AF49-0421CF8E3641} = {F63ACA6A-15F1-47A4-A5C1-8813BF3A050D}
		{5713B01B-902D-4D40-AB10-81A5D5F5FA7D} = {2906270F-C1C3-444C-AF49-0421CF8E3641}
		{6649F7F5-AAC5-4283-BF38-FFC2CF71975B} = {06825F8D-B12E-470D-9558-B849C26342AE}
		{9A5D75F2-6575-4831-81AA-30C62714F7A1} = {6649F7F5-AAC5-4283-BF38-FFC2CF71975B}
		{D708F32A-F14F-434E-A34A-BDD72A711EF5} = {6649F7F5-AAC5-4283-BF38-FFC2CF71975B}
		{44D136EC-F292-4435-93CF-2DB70409704F} = {6649F7F5-AAC5-4283-BF38-FFC2CF71975B}
		{50421DB1-23C1-4BE2-8A2A-700AF18A3053} = {6649F7F5-AAC5-4283-BF38-FFC2CF71975B}
		{485389A8-CC4B-4A08-AB56-C3B2EE0D242B} = {6649F7F5-AAC5-4283-BF38-FFC2CF71975B}
		{A546B9D5-A4EB-4D36-9044-047DD6482687} = {F63ACA6A-15F1-47A4-A5C1-8813BF3A050D}
		{2D63806D-30A3-4540-8411-72A49BC1FCF7} = {A546B9D5-A4EB-4D36-9044-047DD6482687}
	EndGlobalSection
EndGlobal
